// !$*UTF8*$!
{
	archiveVersion = 1;
	classes = {
	};
	objectVersion = 46;
	objects = {

/* Begin PBXBuildFile section */
		A40A6E811D9A169C00052BA2 /* ArrayExtensionTest.swift in Sources */ = {isa = PBXBuildFile; fileRef = A40A6E801D9A169C00052BA2 /* ArrayExtensionTest.swift */; };
		A40A6E831D9A17EA00052BA2 /* DictionaryExtensionTest.swift in Sources */ = {isa = PBXBuildFile; fileRef = A40A6E821D9A17EA00052BA2 /* DictionaryExtensionTest.swift */; };
		A42819731D942A55009F77EE /* Magic.framework in Frameworks */ = {isa = PBXBuildFile; fileRef = A4B29E8B1D8555BA00BD477F /* Magic.framework */; };
		A43B99A01DA8B10E0031EEA7 /* DispatchQueueExtension.swift in Sources */ = {isa = PBXBuildFile; fileRef = A43B999F1DA8B10E0031EEA7 /* DispatchQueueExtension.swift */; };
		A44389821D9E0994004FBCA7 /* CalendarExtensionTest.swift in Sources */ = {isa = PBXBuildFile; fileRef = A44389811D9E0994004FBCA7 /* CalendarExtensionTest.swift */; };
		A44389841D9E0E74004FBCA7 /* DataExtensionTest.swift in Sources */ = {isa = PBXBuildFile; fileRef = A44389831D9E0E74004FBCA7 /* DataExtensionTest.swift */; };
		A46F44C01DAA44CE00B1B5C2 /* SequenceExtension.swift in Sources */ = {isa = PBXBuildFile; fileRef = A46F44BF1DAA44CE00B1B5C2 /* SequenceExtension.swift */; };
		A48602BE1D9D4C1B003F1207 /* FileManagerExtensionTest.swift in Sources */ = {isa = PBXBuildFile; fileRef = A48602BD1D9D4C1B003F1207 /* FileManagerExtensionTest.swift */; };
		A496FBC21D950A6A005FA5C1 /* IntExtensionTest.swift in Sources */ = {isa = PBXBuildFile; fileRef = A496FBBE1D950A6A005FA5C1 /* IntExtensionTest.swift */; };
		A496FBC31D950A6A005FA5C1 /* StringExtensionTest.swift in Sources */ = {isa = PBXBuildFile; fileRef = A496FBBF1D950A6A005FA5C1 /* StringExtensionTest.swift */; };
		A496FBC51D950C86005FA5C1 /* AppTest.swift in Sources */ = {isa = PBXBuildFile; fileRef = A496FBC41D950C86005FA5C1 /* AppTest.swift */; };
		A4B29E8F1D8555BA00BD477F /* Magic.h in Headers */ = {isa = PBXBuildFile; fileRef = A4B29E8E1D8555BA00BD477F /* Magic.h */; settings = {ATTRIBUTES = (Public, ); }; };
		A4BC681A1D9660BB00735FC9 /* WithTest.swift in Sources */ = {isa = PBXBuildFile; fileRef = A4BC68191D9660BA00735FC9 /* WithTest.swift */; };
		A4BC681C1D9662B800735FC9 /* CGRectExtensionTest.swift in Sources */ = {isa = PBXBuildFile; fileRef = A4BC681B1D9662B800735FC9 /* CGRectExtensionTest.swift */; };
		A4E362591D9A588F00A902BF /* CGRectExtension.swift in Sources */ = {isa = PBXBuildFile; fileRef = A4E362321D9A588F00A902BF /* CGRectExtension.swift */; };
		A4E3625A1D9A588F00A902BF /* CIImageExtension.swift in Sources */ = {isa = PBXBuildFile; fileRef = A4E362341D9A588F00A902BF /* CIImageExtension.swift */; };
		A4E3625B1D9A588F00A902BF /* ArrayExtension.swift in Sources */ = {isa = PBXBuildFile; fileRef = A4E362361D9A588F00A902BF /* ArrayExtension.swift */; };
		A4E3625C1D9A588F00A902BF /* CalendarExtension.swift in Sources */ = {isa = PBXBuildFile; fileRef = A4E362371D9A588F00A902BF /* CalendarExtension.swift */; };
		A4E3625D1D9A588F00A902BF /* DataExtension.swift in Sources */ = {isa = PBXBuildFile; fileRef = A4E362381D9A588F00A902BF /* DataExtension.swift */; };
		A4E3625E1D9A588F00A902BF /* DateExtension.swift in Sources */ = {isa = PBXBuildFile; fileRef = A4E362391D9A588F00A902BF /* DateExtension.swift */; };
		A4E3625F1D9A588F00A902BF /* DateFormtterExtension.swift in Sources */ = {isa = PBXBuildFile; fileRef = A4E3623A1D9A588F00A902BF /* DateFormtterExtension.swift */; };
		A4E362601D9A588F00A902BF /* DictionaryExtension.swift in Sources */ = {isa = PBXBuildFile; fileRef = A4E3623B1D9A588F00A902BF /* DictionaryExtension.swift */; };
		A4E362611D9A588F00A902BF /* FileManagerExtension.swift in Sources */ = {isa = PBXBuildFile; fileRef = A4E3623C1D9A588F00A902BF /* FileManagerExtension.swift */; };
		A4E362621D9A588F00A902BF /* IntExtension.swift in Sources */ = {isa = PBXBuildFile; fileRef = A4E3623D1D9A588F00A902BF /* IntExtension.swift */; };
		A4E362631D9A588F00A902BF /* NSObjectExtension.swift in Sources */ = {isa = PBXBuildFile; fileRef = A4E3623E1D9A588F00A902BF /* NSObjectExtension.swift */; };
		A4E362641D9A588F00A902BF /* NSURLComponentsExtension.swift in Sources */ = {isa = PBXBuildFile; fileRef = A4E3623F1D9A588F00A902BF /* NSURLComponentsExtension.swift */; };
		A4E362651D9A588F00A902BF /* StringExtension.swift in Sources */ = {isa = PBXBuildFile; fileRef = A4E362401D9A588F00A902BF /* StringExtension.swift */; };
		A4E362661D9A588F00A902BF /* URLExtension.swift in Sources */ = {isa = PBXBuildFile; fileRef = A4E362411D9A588F00A902BF /* URLExtension.swift */; };
		A4E362671D9A588F00A902BF /* UserDefaultsExtension.swift in Sources */ = {isa = PBXBuildFile; fileRef = A4E362421D9A588F00A902BF /* UserDefaultsExtension.swift */; };
		A4E362681D9A588F00A902BF /* Function.swift in Sources */ = {isa = PBXBuildFile; fileRef = A4E362441D9A588F00A902BF /* Function.swift */; };
		A4E362691D9A588F00A902BF /* SegueHandlerType.swift in Sources */ = {isa = PBXBuildFile; fileRef = A4E362461D9A588F00A902BF /* SegueHandlerType.swift */; };
		A4E3626A1D9A588F00A902BF /* App.swift in Sources */ = {isa = PBXBuildFile; fileRef = A4E362481D9A588F00A902BF /* App.swift */; };
		A4E3626B1D9A588F00A902BF /* UIApplicationExtension.swift in Sources */ = {isa = PBXBuildFile; fileRef = A4E3624B1D9A588F00A902BF /* UIApplicationExtension.swift */; };
		A4E3626C1D9A588F00A902BF /* UIButtonExtension.swift in Sources */ = {isa = PBXBuildFile; fileRef = A4E3624C1D9A588F00A902BF /* UIButtonExtension.swift */; };
		A4E3626D1D9A588F00A902BF /* UICollectionViewControllerExtension.swift in Sources */ = {isa = PBXBuildFile; fileRef = A4E3624D1D9A588F00A902BF /* UICollectionViewControllerExtension.swift */; };
		A4E3626E1D9A588F00A902BF /* UICollectionViewExtension.swift in Sources */ = {isa = PBXBuildFile; fileRef = A4E3624E1D9A588F00A902BF /* UICollectionViewExtension.swift */; };
		A4E3626F1D9A588F00A902BF /* UIColorExtension.swift in Sources */ = {isa = PBXBuildFile; fileRef = A4E3624F1D9A588F00A902BF /* UIColorExtension.swift */; };
		A4E362701D9A588F00A902BF /* UIImageExtension.swift in Sources */ = {isa = PBXBuildFile; fileRef = A4E362501D9A588F00A902BF /* UIImageExtension.swift */; };
		A4E362711D9A588F00A902BF /* UILabelExtension.swift in Sources */ = {isa = PBXBuildFile; fileRef = A4E362511D9A588F00A902BF /* UILabelExtension.swift */; };
		A4E362721D9A588F00A902BF /* UISearchBarExtension.swift in Sources */ = {isa = PBXBuildFile; fileRef = A4E362521D9A588F00A902BF /* UISearchBarExtension.swift */; };
		A4E362731D9A588F00A902BF /* UIStoryboardExtension.swift in Sources */ = {isa = PBXBuildFile; fileRef = A4E362531D9A588F00A902BF /* UIStoryboardExtension.swift */; };
		A4E362741D9A588F00A902BF /* UITableViewControllerExtension.swift in Sources */ = {isa = PBXBuildFile; fileRef = A4E362541D9A588F00A902BF /* UITableViewControllerExtension.swift */; };
		A4E362751D9A588F00A902BF /* UITableViewExtension.swift in Sources */ = {isa = PBXBuildFile; fileRef = A4E362551D9A588F00A902BF /* UITableViewExtension.swift */; };
		A4E362761D9A588F00A902BF /* UITextViewExtension.swift in Sources */ = {isa = PBXBuildFile; fileRef = A4E362561D9A588F00A902BF /* UITextViewExtension.swift */; };
		A4E362771D9A588F00A902BF /* UIViewControllerExtension.swift in Sources */ = {isa = PBXBuildFile; fileRef = A4E362571D9A588F00A902BF /* UIViewControllerExtension.swift */; };
		A4E362781D9A588F00A902BF /* UIViewExtension.swift in Sources */ = {isa = PBXBuildFile; fileRef = A4E362581D9A588F00A902BF /* UIViewExtension.swift */; };
/* End PBXBuildFile section */

/* Begin PBXContainerItemProxy section */
		A42819741D942A55009F77EE /* PBXContainerItemProxy */ = {
			isa = PBXContainerItemProxy;
			containerPortal = A4B29E821D8555BA00BD477F /* Project object */;
			proxyType = 1;
			remoteGlobalIDString = A4B29E8A1D8555BA00BD477F;
			remoteInfo = Magic;
		};
/* End PBXContainerItemProxy section */

/* Begin PBXFileReference section */
		A40A6E801D9A169C00052BA2 /* ArrayExtensionTest.swift */ = {isa = PBXFileReference; fileEncoding = 4; lastKnownFileType = sourcecode.swift; path = ArrayExtensionTest.swift; sourceTree = "<group>"; };
		A40A6E821D9A17EA00052BA2 /* DictionaryExtensionTest.swift */ = {isa = PBXFileReference; fileEncoding = 4; lastKnownFileType = sourcecode.swift; path = DictionaryExtensionTest.swift; sourceTree = "<group>"; };
		A428196E1D942A55009F77EE /* MagicTests.xctest */ = {isa = PBXFileReference; explicitFileType = wrapper.cfbundle; includeInIndex = 0; path = MagicTests.xctest; sourceTree = BUILT_PRODUCTS_DIR; };
		A42819721D942A55009F77EE /* Info.plist */ = {isa = PBXFileReference; lastKnownFileType = text.plist.xml; path = Info.plist; sourceTree = "<group>"; };
		A43B999F1DA8B10E0031EEA7 /* DispatchQueueExtension.swift */ = {isa = PBXFileReference; fileEncoding = 4; lastKnownFileType = sourcecode.swift; path = DispatchQueueExtension.swift; sourceTree = "<group>"; };
		A44389811D9E0994004FBCA7 /* CalendarExtensionTest.swift */ = {isa = PBXFileReference; fileEncoding = 4; lastKnownFileType = sourcecode.swift; path = CalendarExtensionTest.swift; sourceTree = "<group>"; };
		A44389831D9E0E74004FBCA7 /* DataExtensionTest.swift */ = {isa = PBXFileReference; fileEncoding = 4; lastKnownFileType = sourcecode.swift; path = DataExtensionTest.swift; sourceTree = "<group>"; };
		A46F44BF1DAA44CE00B1B5C2 /* SequenceExtension.swift */ = {isa = PBXFileReference; fileEncoding = 4; lastKnownFileType = sourcecode.swift; path = SequenceExtension.swift; sourceTree = "<group>"; };
		A48602BD1D9D4C1B003F1207 /* FileManagerExtensionTest.swift */ = {isa = PBXFileReference; fileEncoding = 4; lastKnownFileType = sourcecode.swift; path = FileManagerExtensionTest.swift; sourceTree = "<group>"; };
		A496FBBE1D950A6A005FA5C1 /* IntExtensionTest.swift */ = {isa = PBXFileReference; fileEncoding = 4; lastKnownFileType = sourcecode.swift; path = IntExtensionTest.swift; sourceTree = "<group>"; };
		A496FBBF1D950A6A005FA5C1 /* StringExtensionTest.swift */ = {isa = PBXFileReference; fileEncoding = 4; lastKnownFileType = sourcecode.swift; path = StringExtensionTest.swift; sourceTree = "<group>"; };
		A496FBC41D950C86005FA5C1 /* AppTest.swift */ = {isa = PBXFileReference; fileEncoding = 4; lastKnownFileType = sourcecode.swift; path = AppTest.swift; sourceTree = "<group>"; };
		A4B29E8B1D8555BA00BD477F /* Magic.framework */ = {isa = PBXFileReference; explicitFileType = wrapper.framework; includeInIndex = 0; path = Magic.framework; sourceTree = BUILT_PRODUCTS_DIR; };
		A4B29E8E1D8555BA00BD477F /* Magic.h */ = {isa = PBXFileReference; lastKnownFileType = sourcecode.c.h; path = Magic.h; sourceTree = "<group>"; };
		A4B29E901D8555BA00BD477F /* Info.plist */ = {isa = PBXFileReference; lastKnownFileType = text.plist.xml; path = Info.plist; sourceTree = "<group>"; };
		A4BC68191D9660BA00735FC9 /* WithTest.swift */ = {isa = PBXFileReference; fileEncoding = 4; lastKnownFileType = sourcecode.swift; path = WithTest.swift; sourceTree = "<group>"; };
		A4BC681B1D9662B800735FC9 /* CGRectExtensionTest.swift */ = {isa = PBXFileReference; fileEncoding = 4; lastKnownFileType = sourcecode.swift; path = CGRectExtensionTest.swift; sourceTree = "<group>"; };
		A4E362321D9A588F00A902BF /* CGRectExtension.swift */ = {isa = PBXFileReference; fileEncoding = 4; lastKnownFileType = sourcecode.swift; path = CGRectExtension.swift; sourceTree = "<group>"; };
		A4E362341D9A588F00A902BF /* CIImageExtension.swift */ = {isa = PBXFileReference; fileEncoding = 4; lastKnownFileType = sourcecode.swift; path = CIImageExtension.swift; sourceTree = "<group>"; };
		A4E362361D9A588F00A902BF /* ArrayExtension.swift */ = {isa = PBXFileReference; fileEncoding = 4; lastKnownFileType = sourcecode.swift; path = ArrayExtension.swift; sourceTree = "<group>"; };
		A4E362371D9A588F00A902BF /* CalendarExtension.swift */ = {isa = PBXFileReference; fileEncoding = 4; lastKnownFileType = sourcecode.swift; path = CalendarExtension.swift; sourceTree = "<group>"; };
		A4E362381D9A588F00A902BF /* DataExtension.swift */ = {isa = PBXFileReference; fileEncoding = 4; lastKnownFileType = sourcecode.swift; path = DataExtension.swift; sourceTree = "<group>"; };
		A4E362391D9A588F00A902BF /* DateExtension.swift */ = {isa = PBXFileReference; fileEncoding = 4; lastKnownFileType = sourcecode.swift; path = DateExtension.swift; sourceTree = "<group>"; };
		A4E3623A1D9A588F00A902BF /* DateFormtterExtension.swift */ = {isa = PBXFileReference; fileEncoding = 4; lastKnownFileType = sourcecode.swift; path = DateFormtterExtension.swift; sourceTree = "<group>"; };
		A4E3623B1D9A588F00A902BF /* DictionaryExtension.swift */ = {isa = PBXFileReference; fileEncoding = 4; lastKnownFileType = sourcecode.swift; path = DictionaryExtension.swift; sourceTree = "<group>"; };
		A4E3623C1D9A588F00A902BF /* FileManagerExtension.swift */ = {isa = PBXFileReference; fileEncoding = 4; lastKnownFileType = sourcecode.swift; path = FileManagerExtension.swift; sourceTree = "<group>"; };
		A4E3623D1D9A588F00A902BF /* IntExtension.swift */ = {isa = PBXFileReference; fileEncoding = 4; lastKnownFileType = sourcecode.swift; path = IntExtension.swift; sourceTree = "<group>"; };
		A4E3623E1D9A588F00A902BF /* NSObjectExtension.swift */ = {isa = PBXFileReference; fileEncoding = 4; lastKnownFileType = sourcecode.swift; path = NSObjectExtension.swift; sourceTree = "<group>"; };
		A4E3623F1D9A588F00A902BF /* NSURLComponentsExtension.swift */ = {isa = PBXFileReference; fileEncoding = 4; lastKnownFileType = sourcecode.swift; path = NSURLComponentsExtension.swift; sourceTree = "<group>"; };
		A4E362401D9A588F00A902BF /* StringExtension.swift */ = {isa = PBXFileReference; fileEncoding = 4; lastKnownFileType = sourcecode.swift; path = StringExtension.swift; sourceTree = "<group>"; };
		A4E362411D9A588F00A902BF /* URLExtension.swift */ = {isa = PBXFileReference; fileEncoding = 4; lastKnownFileType = sourcecode.swift; path = URLExtension.swift; sourceTree = "<group>"; };
		A4E362421D9A588F00A902BF /* UserDefaultsExtension.swift */ = {isa = PBXFileReference; fileEncoding = 4; lastKnownFileType = sourcecode.swift; path = UserDefaultsExtension.swift; sourceTree = "<group>"; };
		A4E362441D9A588F00A902BF /* Function.swift */ = {isa = PBXFileReference; fileEncoding = 4; lastKnownFileType = sourcecode.swift; path = Function.swift; sourceTree = "<group>"; };
		A4E362461D9A588F00A902BF /* SegueHandlerType.swift */ = {isa = PBXFileReference; fileEncoding = 4; lastKnownFileType = sourcecode.swift; path = SegueHandlerType.swift; sourceTree = "<group>"; };
		A4E362481D9A588F00A902BF /* App.swift */ = {isa = PBXFileReference; fileEncoding = 4; lastKnownFileType = sourcecode.swift; path = App.swift; sourceTree = "<group>"; };
		A4E3624B1D9A588F00A902BF /* UIApplicationExtension.swift */ = {isa = PBXFileReference; fileEncoding = 4; lastKnownFileType = sourcecode.swift; path = UIApplicationExtension.swift; sourceTree = "<group>"; };
		A4E3624C1D9A588F00A902BF /* UIButtonExtension.swift */ = {isa = PBXFileReference; fileEncoding = 4; lastKnownFileType = sourcecode.swift; path = UIButtonExtension.swift; sourceTree = "<group>"; };
		A4E3624D1D9A588F00A902BF /* UICollectionViewControllerExtension.swift */ = {isa = PBXFileReference; fileEncoding = 4; lastKnownFileType = sourcecode.swift; path = UICollectionViewControllerExtension.swift; sourceTree = "<group>"; };
		A4E3624E1D9A588F00A902BF /* UICollectionViewExtension.swift */ = {isa = PBXFileReference; fileEncoding = 4; lastKnownFileType = sourcecode.swift; path = UICollectionViewExtension.swift; sourceTree = "<group>"; };
		A4E3624F1D9A588F00A902BF /* UIColorExtension.swift */ = {isa = PBXFileReference; fileEncoding = 4; lastKnownFileType = sourcecode.swift; path = UIColorExtension.swift; sourceTree = "<group>"; };
		A4E362501D9A588F00A902BF /* UIImageExtension.swift */ = {isa = PBXFileReference; fileEncoding = 4; lastKnownFileType = sourcecode.swift; path = UIImageExtension.swift; sourceTree = "<group>"; };
		A4E362511D9A588F00A902BF /* UILabelExtension.swift */ = {isa = PBXFileReference; fileEncoding = 4; lastKnownFileType = sourcecode.swift; path = UILabelExtension.swift; sourceTree = "<group>"; };
		A4E362521D9A588F00A902BF /* UISearchBarExtension.swift */ = {isa = PBXFileReference; fileEncoding = 4; lastKnownFileType = sourcecode.swift; path = UISearchBarExtension.swift; sourceTree = "<group>"; };
		A4E362531D9A588F00A902BF /* UIStoryboardExtension.swift */ = {isa = PBXFileReference; fileEncoding = 4; lastKnownFileType = sourcecode.swift; path = UIStoryboardExtension.swift; sourceTree = "<group>"; };
		A4E362541D9A588F00A902BF /* UITableViewControllerExtension.swift */ = {isa = PBXFileReference; fileEncoding = 4; lastKnownFileType = sourcecode.swift; path = UITableViewControllerExtension.swift; sourceTree = "<group>"; };
		A4E362551D9A588F00A902BF /* UITableViewExtension.swift */ = {isa = PBXFileReference; fileEncoding = 4; lastKnownFileType = sourcecode.swift; path = UITableViewExtension.swift; sourceTree = "<group>"; };
		A4E362561D9A588F00A902BF /* UITextViewExtension.swift */ = {isa = PBXFileReference; fileEncoding = 4; lastKnownFileType = sourcecode.swift; path = UITextViewExtension.swift; sourceTree = "<group>"; };
		A4E362571D9A588F00A902BF /* UIViewControllerExtension.swift */ = {isa = PBXFileReference; fileEncoding = 4; lastKnownFileType = sourcecode.swift; path = UIViewControllerExtension.swift; sourceTree = "<group>"; };
		A4E362581D9A588F00A902BF /* UIViewExtension.swift */ = {isa = PBXFileReference; fileEncoding = 4; lastKnownFileType = sourcecode.swift; path = UIViewExtension.swift; sourceTree = "<group>"; };
/* End PBXFileReference section */

/* Begin PBXFrameworksBuildPhase section */
		A428196B1D942A55009F77EE /* Frameworks */ = {
			isa = PBXFrameworksBuildPhase;
			buildActionMask = 2147483647;
			files = (
				A42819731D942A55009F77EE /* Magic.framework in Frameworks */,
			);
			runOnlyForDeploymentPostprocessing = 0;
		};
		A4B29E871D8555BA00BD477F /* Frameworks */ = {
			isa = PBXFrameworksBuildPhase;
			buildActionMask = 2147483647;
			files = (
			);
			runOnlyForDeploymentPostprocessing = 0;
		};
/* End PBXFrameworksBuildPhase section */

/* Begin PBXGroup section */
		A428196F1D942A55009F77EE /* MagicTests */ = {
			isa = PBXGroup;
			children = (
				A4BC68181D96609B00735FC9 /* Protocol */,
				A4BC68171D96609B00735FC9 /* Function */,
				A496FBC01D950A6A005FA5C1 /* Struct */,
				A496FBBC1D950A6A005FA5C1 /* CoreImage */,
				A496FBBB1D950A6A005FA5C1 /* CoreGraphics */,
				A496FBBD1D950A6A005FA5C1 /* Foundation */,
				A496FBC11D950A6A005FA5C1 /* UIKit */,
				A42819721D942A55009F77EE /* Info.plist */,
			);
			path = MagicTests;
			sourceTree = "<group>";
		};
		A496FBBB1D950A6A005FA5C1 /* CoreGraphics */ = {
			isa = PBXGroup;
			children = (
				A4BC681B1D9662B800735FC9 /* CGRectExtensionTest.swift */,
			);
			path = CoreGraphics;
			sourceTree = "<group>";
		};
		A496FBBC1D950A6A005FA5C1 /* CoreImage */ = {
			isa = PBXGroup;
			children = (
			);
			path = CoreImage;
			sourceTree = "<group>";
		};
		A496FBBD1D950A6A005FA5C1 /* Foundation */ = {
			isa = PBXGroup;
			children = (
				A496FBBE1D950A6A005FA5C1 /* IntExtensionTest.swift */,
				A496FBBF1D950A6A005FA5C1 /* StringExtensionTest.swift */,
				A40A6E801D9A169C00052BA2 /* ArrayExtensionTest.swift */,
				A40A6E821D9A17EA00052BA2 /* DictionaryExtensionTest.swift */,
				A48602BD1D9D4C1B003F1207 /* FileManagerExtensionTest.swift */,
				A44389811D9E0994004FBCA7 /* CalendarExtensionTest.swift */,
				A44389831D9E0E74004FBCA7 /* DataExtensionTest.swift */,
			);
			path = Foundation;
			sourceTree = "<group>";
		};
		A496FBC01D950A6A005FA5C1 /* Struct */ = {
			isa = PBXGroup;
			children = (
				A496FBC41D950C86005FA5C1 /* AppTest.swift */,
			);
			path = Struct;
			sourceTree = "<group>";
		};
		A496FBC11D950A6A005FA5C1 /* UIKit */ = {
			isa = PBXGroup;
			children = (
			);
			path = UIKit;
			sourceTree = "<group>";
		};
		A4B29E811D8555BA00BD477F = {
			isa = PBXGroup;
			children = (
				A4B29E8D1D8555BA00BD477F /* Magic */,
				A428196F1D942A55009F77EE /* MagicTests */,
				A4B29E8C1D8555BA00BD477F /* Products */,
			);
			sourceTree = "<group>";
		};
		A4B29E8C1D8555BA00BD477F /* Products */ = {
			isa = PBXGroup;
			children = (
				A4B29E8B1D8555BA00BD477F /* Magic.framework */,
				A428196E1D942A55009F77EE /* MagicTests.xctest */,
			);
			name = Products;
			sourceTree = "<group>";
		};
		A4B29E8D1D8555BA00BD477F /* Magic */ = {
			isa = PBXGroup;
			children = (
				A4E362311D9A588F00A902BF /* CoreGraphics */,
				A4E362331D9A588F00A902BF /* CoreImage */,
				A4E362351D9A588F00A902BF /* Foundation */,
				A4E362431D9A588F00A902BF /* Function */,
				A4E362451D9A588F00A902BF /* Protocol */,
				A4E362471D9A588F00A902BF /* Struct */,
				A4E362491D9A588F00A902BF /* UIKit */,
				A4B29E8E1D8555BA00BD477F /* Magic.h */,
				A4B29E901D8555BA00BD477F /* Info.plist */,
			);
			path = Magic;
			sourceTree = "<group>";
		};
		A4BC68171D96609B00735FC9 /* Function */ = {
			isa = PBXGroup;
			children = (
				A4BC68191D9660BA00735FC9 /* WithTest.swift */,
			);
			path = Function;
			sourceTree = "<group>";
		};
		A4BC68181D96609B00735FC9 /* Protocol */ = {
			isa = PBXGroup;
			children = (
			);
			path = Protocol;
			sourceTree = "<group>";
		};
		A4E362311D9A588F00A902BF /* CoreGraphics */ = {
			isa = PBXGroup;
			children = (
				A4E362321D9A588F00A902BF /* CGRectExtension.swift */,
			);
			path = CoreGraphics;
			sourceTree = "<group>";
		};
		A4E362331D9A588F00A902BF /* CoreImage */ = {
			isa = PBXGroup;
			children = (
				A4E362341D9A588F00A902BF /* CIImageExtension.swift */,
			);
			path = CoreImage;
			sourceTree = "<group>";
		};
		A4E362351D9A588F00A902BF /* Foundation */ = {
			isa = PBXGroup;
			children = (
				A4E362361D9A588F00A902BF /* ArrayExtension.swift */,
				A4E362371D9A588F00A902BF /* CalendarExtension.swift */,
				A4E362381D9A588F00A902BF /* DataExtension.swift */,
				A4E362391D9A588F00A902BF /* DateExtension.swift */,
				A4E3623A1D9A588F00A902BF /* DateFormtterExtension.swift */,
				A4E3623B1D9A588F00A902BF /* DictionaryExtension.swift */,
				A4E3623C1D9A588F00A902BF /* FileManagerExtension.swift */,
				A4E3623D1D9A588F00A902BF /* IntExtension.swift */,
				A4E3623E1D9A588F00A902BF /* NSObjectExtension.swift */,
				A4E3623F1D9A588F00A902BF /* NSURLComponentsExtension.swift */,
				A4E362401D9A588F00A902BF /* StringExtension.swift */,
				A4E362411D9A588F00A902BF /* URLExtension.swift */,
				A4E362421D9A588F00A902BF /* UserDefaultsExtension.swift */,
				A43B999F1DA8B10E0031EEA7 /* DispatchQueueExtension.swift */,
				A46F44BF1DAA44CE00B1B5C2 /* SequenceExtension.swift */,
			);
			path = Foundation;
			sourceTree = "<group>";
		};
		A4E362431D9A588F00A902BF /* Function */ = {
			isa = PBXGroup;
			children = (
				A4E362441D9A588F00A902BF /* Function.swift */,
			);
			path = Function;
			sourceTree = "<group>";
		};
		A4E362451D9A588F00A902BF /* Protocol */ = {
			isa = PBXGroup;
			children = (
				A4E362461D9A588F00A902BF /* SegueHandlerType.swift */,
			);
			path = Protocol;
			sourceTree = "<group>";
		};
		A4E362471D9A588F00A902BF /* Struct */ = {
			isa = PBXGroup;
			children = (
				A4E362481D9A588F00A902BF /* App.swift */,
			);
			path = Struct;
			sourceTree = "<group>";
		};
		A4E362491D9A588F00A902BF /* UIKit */ = {
			isa = PBXGroup;
			children = (
				A4E3624B1D9A588F00A902BF /* UIApplicationExtension.swift */,
				A4E3624C1D9A588F00A902BF /* UIButtonExtension.swift */,
				A4E3624D1D9A588F00A902BF /* UICollectionViewControllerExtension.swift */,
				A4E3624E1D9A588F00A902BF /* UICollectionViewExtension.swift */,
				A4E3624F1D9A588F00A902BF /* UIColorExtension.swift */,
				A4E362501D9A588F00A902BF /* UIImageExtension.swift */,
				A4E362511D9A588F00A902BF /* UILabelExtension.swift */,
				A4E362521D9A588F00A902BF /* UISearchBarExtension.swift */,
				A4E362531D9A588F00A902BF /* UIStoryboardExtension.swift */,
				A4E362541D9A588F00A902BF /* UITableViewControllerExtension.swift */,
				A4E362551D9A588F00A902BF /* UITableViewExtension.swift */,
				A4E362561D9A588F00A902BF /* UITextViewExtension.swift */,
				A4E362571D9A588F00A902BF /* UIViewControllerExtension.swift */,
				A4E362581D9A588F00A902BF /* UIViewExtension.swift */,
			);
			path = UIKit;
			sourceTree = "<group>";
		};
/* End PBXGroup section */

/* Begin PBXHeadersBuildPhase section */
		A4B29E881D8555BA00BD477F /* Headers */ = {
			isa = PBXHeadersBuildPhase;
			buildActionMask = 2147483647;
			files = (
				A4B29E8F1D8555BA00BD477F /* Magic.h in Headers */,
			);
			runOnlyForDeploymentPostprocessing = 0;
		};
/* End PBXHeadersBuildPhase section */

/* Begin PBXNativeTarget section */
		A428196D1D942A55009F77EE /* MagicTests */ = {
			isa = PBXNativeTarget;
			buildConfigurationList = A42819781D942A55009F77EE /* Build configuration list for PBXNativeTarget "MagicTests" */;
			buildPhases = (
				A428196A1D942A55009F77EE /* Sources */,
				A428196B1D942A55009F77EE /* Frameworks */,
				A428196C1D942A55009F77EE /* Resources */,
			);
			buildRules = (
			);
			dependencies = (
				A42819751D942A55009F77EE /* PBXTargetDependency */,
			);
			name = MagicTests;
			productName = MagicTests;
			productReference = A428196E1D942A55009F77EE /* MagicTests.xctest */;
			productType = "com.apple.product-type.bundle.unit-test";
		};
		A4B29E8A1D8555BA00BD477F /* Magic */ = {
			isa = PBXNativeTarget;
			buildConfigurationList = A4B29E931D8555BA00BD477F /* Build configuration list for PBXNativeTarget "Magic" */;
			buildPhases = (
				A4B29E861D8555BA00BD477F /* Sources */,
				A4B29E871D8555BA00BD477F /* Frameworks */,
				A4B29E881D8555BA00BD477F /* Headers */,
				A4B29E891D8555BA00BD477F /* Resources */,
			);
			buildRules = (
			);
			dependencies = (
			);
			name = Magic;
			productName = Magic;
			productReference = A4B29E8B1D8555BA00BD477F /* Magic.framework */;
			productType = "com.apple.product-type.framework";
		};
/* End PBXNativeTarget section */

/* Begin PBXProject section */
		A4B29E821D8555BA00BD477F /* Project object */ = {
			isa = PBXProject;
			attributes = {
				LastSwiftUpdateCheck = 0800;
				LastUpgradeCheck = 0730;
				ORGANIZATIONNAME = broccoliii;
				TargetAttributes = {
					A428196D1D942A55009F77EE = {
						CreatedOnToolsVersion = 8.0;
						LastSwiftMigration = 0800;
						ProvisioningStyle = Automatic;
					};
					A4B29E8A1D8555BA00BD477F = {
						CreatedOnToolsVersion = 7.3.1;
						DevelopmentTeam = RJXPJ9T4QP;
						LastSwiftMigration = 0800;
					};
				};
			};
			buildConfigurationList = A4B29E851D8555BA00BD477F /* Build configuration list for PBXProject "Magic" */;
			compatibilityVersion = "Xcode 3.2";
			developmentRegion = English;
			hasScannedForEncodings = 0;
			knownRegions = (
				en,
			);
			mainGroup = A4B29E811D8555BA00BD477F;
			productRefGroup = A4B29E8C1D8555BA00BD477F /* Products */;
			projectDirPath = "";
			projectRoot = "";
			targets = (
				A4B29E8A1D8555BA00BD477F /* Magic */,
				A428196D1D942A55009F77EE /* MagicTests */,
			);
		};
/* End PBXProject section */

/* Begin PBXResourcesBuildPhase section */
		A428196C1D942A55009F77EE /* Resources */ = {
			isa = PBXResourcesBuildPhase;
			buildActionMask = 2147483647;
			files = (
			);
			runOnlyForDeploymentPostprocessing = 0;
		};
		A4B29E891D8555BA00BD477F /* Resources */ = {
			isa = PBXResourcesBuildPhase;
			buildActionMask = 2147483647;
			files = (
			);
			runOnlyForDeploymentPostprocessing = 0;
		};
/* End PBXResourcesBuildPhase section */

/* Begin PBXSourcesBuildPhase section */
		A428196A1D942A55009F77EE /* Sources */ = {
			isa = PBXSourcesBuildPhase;
			buildActionMask = 2147483647;
			files = (
				A496FBC31D950A6A005FA5C1 /* StringExtensionTest.swift in Sources */,
				A48602BE1D9D4C1B003F1207 /* FileManagerExtensionTest.swift in Sources */,
				A4BC681A1D9660BB00735FC9 /* WithTest.swift in Sources */,
				A496FBC21D950A6A005FA5C1 /* IntExtensionTest.swift in Sources */,
				A4BC681C1D9662B800735FC9 /* CGRectExtensionTest.swift in Sources */,
				A44389841D9E0E74004FBCA7 /* DataExtensionTest.swift in Sources */,
				A40A6E831D9A17EA00052BA2 /* DictionaryExtensionTest.swift in Sources */,
				A496FBC51D950C86005FA5C1 /* AppTest.swift in Sources */,
				A40A6E811D9A169C00052BA2 /* ArrayExtensionTest.swift in Sources */,
				A44389821D9E0994004FBCA7 /* CalendarExtensionTest.swift in Sources */,
			);
			runOnlyForDeploymentPostprocessing = 0;
		};
		A4B29E861D8555BA00BD477F /* Sources */ = {
			isa = PBXSourcesBuildPhase;
			buildActionMask = 2147483647;
			files = (
				A4E3626E1D9A588F00A902BF /* UICollectionViewExtension.swift in Sources */,
				A4E362641D9A588F00A902BF /* NSURLComponentsExtension.swift in Sources */,
				A43B99A01DA8B10E0031EEA7 /* DispatchQueueExtension.swift in Sources */,
				A4E3626C1D9A588F00A902BF /* UIButtonExtension.swift in Sources */,
				A4E362681D9A588F00A902BF /* Function.swift in Sources */,
				A4E362731D9A588F00A902BF /* UIStoryboardExtension.swift in Sources */,
				A4E3626F1D9A588F00A902BF /* UIColorExtension.swift in Sources */,
				A4E362781D9A588F00A902BF /* UIViewExtension.swift in Sources */,
				A4E362661D9A588F00A902BF /* URLExtension.swift in Sources */,
				A4E3625B1D9A588F00A902BF /* ArrayExtension.swift in Sources */,
				A4E362611D9A588F00A902BF /* FileManagerExtension.swift in Sources */,
				A4E362761D9A588F00A902BF /* UITextViewExtension.swift in Sources */,
				A4E3625E1D9A588F00A902BF /* DateExtension.swift in Sources */,
				A4E362631D9A588F00A902BF /* NSObjectExtension.swift in Sources */,
				A4E362621D9A588F00A902BF /* IntExtension.swift in Sources */,
				A4E3625C1D9A588F00A902BF /* CalendarExtension.swift in Sources */,
				A4E362741D9A588F00A902BF /* UITableViewControllerExtension.swift in Sources */,
				A4E3626A1D9A588F00A902BF /* App.swift in Sources */,
				A4E362721D9A588F00A902BF /* UISearchBarExtension.swift in Sources */,
				A4E3626D1D9A588F00A902BF /* UICollectionViewControllerExtension.swift in Sources */,
				A4E362771D9A588F00A902BF /* UIViewControllerExtension.swift in Sources */,
				A4E362591D9A588F00A902BF /* CGRectExtension.swift in Sources */,
				A4E3625A1D9A588F00A902BF /* CIImageExtension.swift in Sources */,
				A4E362671D9A588F00A902BF /* UserDefaultsExtension.swift in Sources */,
				A4E362711D9A588F00A902BF /* UILabelExtension.swift in Sources */,
				A4E3625D1D9A588F00A902BF /* DataExtension.swift in Sources */,
				A4E3625F1D9A588F00A902BF /* DateFormtterExtension.swift in Sources */,
				A4E3626B1D9A588F00A902BF /* UIApplicationExtension.swift in Sources */,
				A4E362651D9A588F00A902BF /* StringExtension.swift in Sources */,
				A4E362691D9A588F00A902BF /* SegueHandlerType.swift in Sources */,
				A4E362751D9A588F00A902BF /* UITableViewExtension.swift in Sources */,
				A4E362601D9A588F00A902BF /* DictionaryExtension.swift in Sources */,
				A46F44C01DAA44CE00B1B5C2 /* SequenceExtension.swift in Sources */,
				A4E362701D9A588F00A902BF /* UIImageExtension.swift in Sources */,
			);
			runOnlyForDeploymentPostprocessing = 0;
		};
/* End PBXSourcesBuildPhase section */

/* Begin PBXTargetDependency section */
		A42819751D942A55009F77EE /* PBXTargetDependency */ = {
			isa = PBXTargetDependency;
			target = A4B29E8A1D8555BA00BD477F /* Magic */;
			targetProxy = A42819741D942A55009F77EE /* PBXContainerItemProxy */;
		};
/* End PBXTargetDependency section */

/* Begin XCBuildConfiguration section */
		A42819761D942A55009F77EE /* Debug */ = {
			isa = XCBuildConfiguration;
			buildSettings = {
				ALWAYS_EMBED_SWIFT_STANDARD_LIBRARIES = YES;
				CLANG_WARN_DOCUMENTATION_COMMENTS = YES;
				CLANG_WARN_INFINITE_RECURSION = YES;
				CLANG_WARN_SUSPICIOUS_MOVES = YES;
				INFOPLIST_FILE = MagicTests/Info.plist;
				IPHONEOS_DEPLOYMENT_TARGET = 10.0;
				LD_RUNPATH_SEARCH_PATHS = "$(inherited) @executable_path/Frameworks @loader_path/Frameworks";
				PRODUCT_BUNDLE_IDENTIFIER = com.broccoliii.MagicTests;
				PRODUCT_NAME = "$(TARGET_NAME)";
				SWIFT_ACTIVE_COMPILATION_CONDITIONS = DEBUG;
				SWIFT_VERSION = 3.0;
			};
			name = Debug;
		};
		A42819771D942A55009F77EE /* Release */ = {
			isa = XCBuildConfiguration;
			buildSettings = {
				ALWAYS_EMBED_SWIFT_STANDARD_LIBRARIES = YES;
				CLANG_WARN_DOCUMENTATION_COMMENTS = YES;
				CLANG_WARN_INFINITE_RECURSION = YES;
				CLANG_WARN_SUSPICIOUS_MOVES = YES;
				INFOPLIST_FILE = MagicTests/Info.plist;
				IPHONEOS_DEPLOYMENT_TARGET = 10.0;
				LD_RUNPATH_SEARCH_PATHS = "$(inherited) @executable_path/Frameworks @loader_path/Frameworks";
				PRODUCT_BUNDLE_IDENTIFIER = com.broccoliii.MagicTests;
				PRODUCT_NAME = "$(TARGET_NAME)";
				SWIFT_OPTIMIZATION_LEVEL = "-Owholemodule";
				SWIFT_VERSION = 3.0;
			};
			name = Release;
		};
		A4B29E911D8555BA00BD477F /* Debug */ = {
			isa = XCBuildConfiguration;
			buildSettings = {
				ALWAYS_SEARCH_USER_PATHS = NO;
				CLANG_ANALYZER_NONNULL = YES;
				CLANG_CXX_LANGUAGE_STANDARD = "gnu++0x";
				CLANG_CXX_LIBRARY = "libc++";
				CLANG_ENABLE_MODULES = YES;
				CLANG_ENABLE_OBJC_ARC = YES;
				CLANG_WARN_BOOL_CONVERSION = YES;
				CLANG_WARN_CONSTANT_CONVERSION = YES;
				CLANG_WARN_DIRECT_OBJC_ISA_USAGE = YES_ERROR;
				CLANG_WARN_EMPTY_BODY = YES;
				CLANG_WARN_ENUM_CONVERSION = YES;
				CLANG_WARN_INT_CONVERSION = YES;
				CLANG_WARN_OBJC_ROOT_CLASS = YES_ERROR;
				CLANG_WARN_UNREACHABLE_CODE = YES;
				CLANG_WARN__DUPLICATE_METHOD_MATCH = YES;
				"CODE_SIGN_IDENTITY[sdk=iphoneos*]" = "iPhone Developer";
				COPY_PHASE_STRIP = NO;
				CURRENT_PROJECT_VERSION = 1;
				DEBUG_INFORMATION_FORMAT = dwarf;
				ENABLE_STRICT_OBJC_MSGSEND = YES;
				ENABLE_TESTABILITY = YES;
				GCC_C_LANGUAGE_STANDARD = gnu99;
				GCC_DYNAMIC_NO_PIC = NO;
				GCC_NO_COMMON_BLOCKS = YES;
				GCC_OPTIMIZATION_LEVEL = 0;
				GCC_PREPROCESSOR_DEFINITIONS = (
					"DEBUG=1",
					"$(inherited)",
				);
				GCC_WARN_64_TO_32_BIT_CONVERSION = YES;
				GCC_WARN_ABOUT_RETURN_TYPE = YES_ERROR;
				GCC_WARN_UNDECLARED_SELECTOR = YES;
				GCC_WARN_UNINITIALIZED_AUTOS = YES_AGGRESSIVE;
				GCC_WARN_UNUSED_FUNCTION = YES;
				GCC_WARN_UNUSED_VARIABLE = YES;
				IPHONEOS_DEPLOYMENT_TARGET = 9.3;
				MTL_ENABLE_DEBUG_INFO = YES;
				ONLY_ACTIVE_ARCH = YES;
				SDKROOT = iphoneos;
				SWIFT_OPTIMIZATION_LEVEL = "-Onone";
				TARGETED_DEVICE_FAMILY = "1,2";
				VERSIONING_SYSTEM = "apple-generic";
				VERSION_INFO_PREFIX = "";
			};
			name = Debug;
		};
		A4B29E921D8555BA00BD477F /* Release */ = {
			isa = XCBuildConfiguration;
			buildSettings = {
				ALWAYS_SEARCH_USER_PATHS = NO;
				CLANG_ANALYZER_NONNULL = YES;
				CLANG_CXX_LANGUAGE_STANDARD = "gnu++0x";
				CLANG_CXX_LIBRARY = "libc++";
				CLANG_ENABLE_MODULES = YES;
				CLANG_ENABLE_OBJC_ARC = YES;
				CLANG_WARN_BOOL_CONVERSION = YES;
				CLANG_WARN_CONSTANT_CONVERSION = YES;
				CLANG_WARN_DIRECT_OBJC_ISA_USAGE = YES_ERROR;
				CLANG_WARN_EMPTY_BODY = YES;
				CLANG_WARN_ENUM_CONVERSION = YES;
				CLANG_WARN_INT_CONVERSION = YES;
				CLANG_WARN_OBJC_ROOT_CLASS = YES_ERROR;
				CLANG_WARN_UNREACHABLE_CODE = YES;
				CLANG_WARN__DUPLICATE_METHOD_MATCH = YES;
				"CODE_SIGN_IDENTITY[sdk=iphoneos*]" = "iPhone Developer";
				COPY_PHASE_STRIP = NO;
				CURRENT_PROJECT_VERSION = 1;
				DEBUG_INFORMATION_FORMAT = "dwarf-with-dsym";
				ENABLE_NS_ASSERTIONS = NO;
				ENABLE_STRICT_OBJC_MSGSEND = YES;
				GCC_C_LANGUAGE_STANDARD = gnu99;
				GCC_NO_COMMON_BLOCKS = YES;
				GCC_WARN_64_TO_32_BIT_CONVERSION = YES;
				GCC_WARN_ABOUT_RETURN_TYPE = YES_ERROR;
				GCC_WARN_UNDECLARED_SELECTOR = YES;
				GCC_WARN_UNINITIALIZED_AUTOS = YES_AGGRESSIVE;
				GCC_WARN_UNUSED_FUNCTION = YES;
				GCC_WARN_UNUSED_VARIABLE = YES;
				IPHONEOS_DEPLOYMENT_TARGET = 9.3;
				MTL_ENABLE_DEBUG_INFO = NO;
				ONLY_ACTIVE_ARCH = YES;
				SDKROOT = iphoneos;
				TARGETED_DEVICE_FAMILY = "1,2";
				VALIDATE_PRODUCT = YES;
				VERSIONING_SYSTEM = "apple-generic";
				VERSION_INFO_PREFIX = "";
			};
			name = Release;
		};
		A4B29E941D8555BA00BD477F /* Debug */ = {
			isa = XCBuildConfiguration;
			buildSettings = {
				DEFINES_MODULE = YES;
				DYLIB_COMPATIBILITY_VERSION = 1;
				DYLIB_CURRENT_VERSION = 1;
				DYLIB_INSTALL_NAME_BASE = "@rpath";
				INFOPLIST_FILE = Magic/Info.plist;
				INSTALL_PATH = "$(LOCAL_LIBRARY_DIR)/Frameworks";
				LD_RUNPATH_SEARCH_PATHS = "$(inherited) @executable_path/Frameworks @loader_path/Frameworks";
				ONLY_ACTIVE_ARCH = NO;
				PRODUCT_BUNDLE_IDENTIFIER = com.broccoliii.Magic;
				PRODUCT_NAME = "$(TARGET_NAME)";
				SKIP_INSTALL = YES;
				SWIFT_VERSION = 3.0;
			};
			name = Debug;
		};
		A4B29E951D8555BA00BD477F /* Release */ = {
			isa = XCBuildConfiguration;
			buildSettings = {
				DEFINES_MODULE = YES;
				DYLIB_COMPATIBILITY_VERSION = 1;
				DYLIB_CURRENT_VERSION = 1;
				DYLIB_INSTALL_NAME_BASE = "@rpath";
				INFOPLIST_FILE = Magic/Info.plist;
				INSTALL_PATH = "$(LOCAL_LIBRARY_DIR)/Frameworks";
				LD_RUNPATH_SEARCH_PATHS = "$(inherited) @executable_path/Frameworks @loader_path/Frameworks";
				PRODUCT_BUNDLE_IDENTIFIER = com.broccoliii.Magic;
				PRODUCT_NAME = "$(TARGET_NAME)";
				SKIP_INSTALL = YES;
				SWIFT_VERSION = 3.0;
			};
			name = Release;
		};
/* End XCBuildConfiguration section */

/* Begin XCConfigurationList section */
		A42819781D942A55009F77EE /* Build configuration list for PBXNativeTarget "MagicTests" */ = {
			isa = XCConfigurationList;
			buildConfigurations = (
				A42819761D942A55009F77EE /* Debug */,
				A42819771D942A55009F77EE /* Release */,
			);
			defaultConfigurationIsVisible = 0;
			defaultConfigurationName = Release;
		};
		A4B29E851D8555BA00BD477F /* Build configuration list for PBXProject "Magic" */ = {
			isa = XCConfigurationList;
			buildConfigurations = (
				A4B29E911D8555BA00BD477F /* Debug */,
				A4B29E921D8555BA00BD477F /* Release */,
			);
			defaultConfigurationIsVisible = 0;
			defaultConfigurationName = Release;
		};
		A4B29E931D8555BA00BD477F /* Build configuration list for PBXNativeTarget "Magic" */ = {
			isa = XCConfigurationList;
			buildConfigurations = (
				A4B29E941D8555BA00BD477F /* Debug */,
				A4B29E951D8555BA00BD477F /* Release */,
			);
			defaultConfigurationIsVisible = 0;
			defaultConfigurationName = Release;
		};
/* End XCConfigurationList section */
	};
	rootObject = A4B29E821D8555BA00BD477F /* Project object */;
}
