// !$*UTF8*$!
{
	archiveVersion = 1;
	classes = {
	};
	objectVersion = 46;
	objects = {

/* Begin PBXBuildFile section */
		A40A6E691D9A08D900052BA2 /* AppDelegate.swift in Sources */ = {isa = PBXBuildFile; fileRef = A40A6E681D9A08D900052BA2 /* AppDelegate.swift */; };
		A40A6E6E1D9A08D900052BA2 /* Main.storyboard in Resources */ = {isa = PBXBuildFile; fileRef = A40A6E6C1D9A08D900052BA2 /* Main.storyboard */; };
		A40A6E701D9A08D900052BA2 /* Assets.xcassets in Resources */ = {isa = PBXBuildFile; fileRef = A40A6E6F1D9A08D900052BA2 /* Assets.xcassets */; };
		A40A6E731D9A08D900052BA2 /* LaunchScreen.storyboard in Resources */ = {isa = PBXBuildFile; fileRef = A40A6E711D9A08D900052BA2 /* LaunchScreen.storyboard */; };
		A40A6E851D9A1D2500052BA2 /* MasterTableViewController.swift in Sources */ = {isa = PBXBuildFile; fileRef = A40A6E841D9A1D2500052BA2 /* MasterTableViewController.swift */; };
		A40A6E871D9A1E4500052BA2 /* TableViewController.swift in Sources */ = {isa = PBXBuildFile; fileRef = A40A6E861D9A1E4500052BA2 /* TableViewController.swift */; };
		A4AB3E431D9E641D003F2112 /* TextViewViewController.swift in Sources */ = {isa = PBXBuildFile; fileRef = A4AB3E421D9E641D003F2112 /* TextViewViewController.swift */; };
/* End PBXBuildFile section */

/* Begin PBXFileReference section */
		A40A6E651D9A08D900052BA2 /* MagicExample.app */ = {isa = PBXFileReference; explicitFileType = wrapper.application; includeInIndex = 0; path = MagicExample.app; sourceTree = BUILT_PRODUCTS_DIR; };
		A40A6E681D9A08D900052BA2 /* AppDelegate.swift */ = {isa = PBXFileReference; lastKnownFileType = sourcecode.swift; path = AppDelegate.swift; sourceTree = "<group>"; };
		A40A6E6D1D9A08D900052BA2 /* Base */ = {isa = PBXFileReference; lastKnownFileType = file.storyboard; name = Base; path = Base.lproj/Main.storyboard; sourceTree = "<group>"; };
		A40A6E6F1D9A08D900052BA2 /* Assets.xcassets */ = {isa = PBXFileReference; lastKnownFileType = folder.assetcatalog; path = Assets.xcassets; sourceTree = "<group>"; };
		A40A6E721D9A08D900052BA2 /* Base */ = {isa = PBXFileReference; lastKnownFileType = file.storyboard; name = Base; path = Base.lproj/LaunchScreen.storyboard; sourceTree = "<group>"; };
		A40A6E741D9A08D900052BA2 /* Info.plist */ = {isa = PBXFileReference; lastKnownFileType = text.plist.xml; path = Info.plist; sourceTree = "<group>"; };
		A40A6E841D9A1D2500052BA2 /* MasterTableViewController.swift */ = {isa = PBXFileReference; fileEncoding = 4; lastKnownFileType = sourcecode.swift; path = MasterTableViewController.swift; sourceTree = "<group>"; };
		A40A6E861D9A1E4500052BA2 /* TableViewController.swift */ = {isa = PBXFileReference; fileEncoding = 4; lastKnownFileType = sourcecode.swift; path = TableViewController.swift; sourceTree = "<group>"; };
		A4AB3E421D9E641D003F2112 /* TextViewViewController.swift */ = {isa = PBXFileReference; fileEncoding = 4; lastKnownFileType = sourcecode.swift; path = TextViewViewController.swift; sourceTree = "<group>"; };
/* End PBXFileReference section */

/* Begin PBXFrameworksBuildPhase section */
		A40A6E621D9A08D900052BA2 /* Frameworks */ = {
			isa = PBXFrameworksBuildPhase;
			buildActionMask = 2147483647;
			files = (
			);
			runOnlyForDeploymentPostprocessing = 0;
		};
/* End PBXFrameworksBuildPhase section */

/* Begin PBXGroup section */
		A40A6E5C1D9A08D900052BA2 = {
			isa = PBXGroup;
			children = (
				A40A6E671D9A08D900052BA2 /* MagicExample */,
				A40A6E661D9A08D900052BA2 /* Products */,
			);
			sourceTree = "<group>";
		};
		A40A6E661D9A08D900052BA2 /* Products */ = {
			isa = PBXGroup;
			children = (
				A40A6E651D9A08D900052BA2 /* MagicExample.app */,
			);
			name = Products;
			sourceTree = "<group>";
		};
		A40A6E671D9A08D900052BA2 /* MagicExample */ = {
			isa = PBXGroup;
			children = (
				A40A6E681D9A08D900052BA2 /* AppDelegate.swift */,
				A40A6E841D9A1D2500052BA2 /* MasterTableViewController.swift */,
				A40A6E861D9A1E4500052BA2 /* TableViewController.swift */,
				A4AB3E421D9E641D003F2112 /* TextViewViewController.swift */,
				A40A6E6C1D9A08D900052BA2 /* Main.storyboard */,
				A40A6E6F1D9A08D900052BA2 /* Assets.xcassets */,
				A40A6E711D9A08D900052BA2 /* LaunchScreen.storyboard */,
				A40A6E741D9A08D900052BA2 /* Info.plist */,
			);
			path = MagicExample;
			sourceTree = "<group>";
		};
/* End PBXGroup section */

/* Begin PBXNativeTarget section */
		A40A6E641D9A08D900052BA2 /* MagicExample */ = {
			isa = PBXNativeTarget;
			buildConfigurationList = A40A6E771D9A08D900052BA2 /* Build configuration list for PBXNativeTarget "MagicExample" */;
			buildPhases = (
				A40A6E611D9A08D900052BA2 /* Sources */,
				A40A6E621D9A08D900052BA2 /* Frameworks */,
				A40A6E631D9A08D900052BA2 /* Resources */,
			);
			buildRules = (
			);
			dependencies = (
			);
			name = MagicExample;
			productName = MagicExample;
			productReference = A40A6E651D9A08D900052BA2 /* MagicExample.app */;
			productType = "com.apple.product-type.application";
		};
/* End PBXNativeTarget section */

/* Begin PBXProject section */
		A40A6E5D1D9A08D900052BA2 /* Project object */ = {
			isa = PBXProject;
			attributes = {
				LastSwiftUpdateCheck = 0800;
				LastUpgradeCheck = 0800;
				ORGANIZATIONNAME = broccoliii;
				TargetAttributes = {
					A40A6E641D9A08D900052BA2 = {
						CreatedOnToolsVersion = 8.0;
						ProvisioningStyle = Automatic;
					};
				};
			};
			buildConfigurationList = A40A6E601D9A08D900052BA2 /* Build configuration list for PBXProject "MagicExample" */;
			compatibilityVersion = "Xcode 3.2";
			developmentRegion = English;
			hasScannedForEncodings = 0;
			knownRegions = (
				en,
				Base,
			);
			mainGroup = A40A6E5C1D9A08D900052BA2;
			productRefGroup = A40A6E661D9A08D900052BA2 /* Products */;
			projectDirPath = "";
			projectRoot = "";
			targets = (
				A40A6E641D9A08D900052BA2 /* MagicExample */,
			);
		};
/* End PBXProject section */

/* Begin PBXResourcesBuildPhase section */
		A40A6E631D9A08D900052BA2 /* Resources */ = {
			isa = PBXResourcesBuildPhase;
			buildActionMask = 2147483647;
			files = (
				A40A6E731D9A08D900052BA2 /* LaunchScreen.storyboard in Resources */,
				A40A6E701D9A08D900052BA2 /* Assets.xcassets in Resources */,
				A40A6E6E1D9A08D900052BA2 /* Main.storyboard in Resources */,
			);
			runOnlyForDeploymentPostprocessing = 0;
		};
/* End PBXResourcesBuildPhase section */

/* Begin PBXSourcesBuildPhase section */
		A40A6E611D9A08D900052BA2 /* Sources */ = {
			isa = PBXSourcesBuildPhase;
			buildActionMask = 2147483647;
			files = (
				A40A6E851D9A1D2500052BA2 /* MasterTableViewController.swift in Sources */,
				A40A6E871D9A1E4500052BA2 /* TableViewController.swift in Sources */,
				A4AB3E431D9E641D003F2112 /* TextViewViewController.swift in Sources */,
				A40A6E691D9A08D900052BA2 /* AppDelegate.swift in Sources */,
			);
			runOnlyForDeploymentPostprocessing = 0;
		};
/* End PBXSourcesBuildPhase section */

/* Begin PBXVariantGroup section */
		A40A6E6C1D9A08D900052BA2 /* Main.storyboard */ = {
			isa = PBXVariantGroup;
			children = (
				A40A6E6D1D9A08D900052BA2 /* Base */,
			);
			name = Main.storyboard;
			sourceTree = "<group>";
		};
		A40A6E711D9A08D900052BA2 /* LaunchScreen.storyboard */ = {
			isa = PBXVariantGroup;
			children = (
				A40A6E721D9A08D900052BA2 /* Base */,
			);
			name = LaunchScreen.storyboard;
			sourceTree = "<group>";
		};
/* End PBXVariantGroup section */

/* Begin XCBuildConfiguration section */
		A40A6E751D9A08D900052BA2 /* Debug */ = {
			isa = XCBuildConfiguration;
			buildSettings = {
				ALWAYS_SEARCH_USER_PATHS = NO;
				CLANG_ANALYZER_NONNULL = YES;
				CLANG_CXX_LANGUAGE_STANDARD = "gnu++0x";
				CLANG_CXX_LIBRARY = "libc++";
				CLANG_ENABLE_MODULES = YES;
				CLANG_ENABLE_OBJC_ARC = YES;
				CLANG_WARN_BOOL_CONVERSION = YES;
				CLANG_WARN_CONSTANT_CONVERSION = YES;
				CLANG_WARN_DIRECT_OBJC_ISA_USAGE = YES_ERROR;
				CLANG_WARN_DOCUMENTATION_COMMENTS = YES;
				CLANG_WARN_EMPTY_BODY = YES;
				CLANG_WARN_ENUM_CONVERSION = YES;
				CLANG_WARN_INFINITE_RECURSION = YES;
				CLANG_WARN_INT_CONVERSION = YES;
				CLANG_WARN_OBJC_ROOT_CLASS = YES_ERROR;
				CLANG_WARN_SUSPICIOUS_MOVES = YES;
				CLANG_WARN_UNREACHABLE_CODE = YES;
				CLANG_WARN__DUPLICATE_METHOD_MATCH = YES;
				"CODE_SIGN_IDENTITY[sdk=iphoneos*]" = "iPhone Developer";
				COPY_PHASE_STRIP = NO;
				DEBUG_INFORMATION_FORMAT = dwarf;
				ENABLE_STRICT_OBJC_MSGSEND = YES;
				ENABLE_TESTABILITY = YES;
				GCC_C_LANGUAGE_STANDARD = gnu99;
				GCC_DYNAMIC_NO_PIC = NO;
				GCC_NO_COMMON_BLOCKS = YES;
				GCC_OPTIMIZATION_LEVEL = 0;
				GCC_PREPROCESSOR_DEFINITIONS = (
					"DEBUG=1",
					"$(inherited)",
				);
				GCC_WARN_64_TO_32_BIT_CONVERSION = YES;
				GCC_WARN_ABOUT_RETURN_TYPE = YES_ERROR;
				GCC_WARN_UNDECLARED_SELECTOR = YES;
				GCC_WARN_UNINITIALIZED_AUTOS = YES_AGGRESSIVE;
				GCC_WARN_UNUSED_FUNCTION = YES;
				GCC_WARN_UNUSED_VARIABLE = YES;
				IPHONEOS_DEPLOYMENT_TARGET = 10.0;
				MTL_ENABLE_DEBUG_INFO = YES;
				ONLY_ACTIVE_ARCH = YES;
				SDKROOT = iphoneos;
				SWIFT_ACTIVE_COMPILATION_CONDITIONS = DEBUG;
				SWIFT_OPTIMIZATION_LEVEL = "-Onone";
			};
			name = Debug;
		};
		A40A6E761D9A08D900052BA2 /* Release */ = {
			isa = XCBuildConfiguration;
			buildSettings = {
				ALWAYS_SEARCH_USER_PATHS = NO;
				CLANG_ANALYZER_NONNULL = YES;
				CLANG_CXX_LANGUAGE_STANDARD = "gnu++0x";
				CLANG_CXX_LIBRARY = "libc++";
				CLANG_ENABLE_MODULES = YES;
				CLANG_ENABLE_OBJC_ARC = YES;
				CLANG_WARN_BOOL_CONVERSION = YES;
				CLANG_WARN_CONSTANT_CONVERSION = YES;
				CLANG_WARN_DIRECT_OBJC_ISA_USAGE = YES_ERROR;
				CLANG_WARN_DOCUMENTATION_COMMENTS = YES;
				CLANG_WARN_EMPTY_BODY = YES;
				CLANG_WARN_ENUM_CONVERSION = YES;
				CLANG_WARN_INFINITE_RECURSION = YES;
				CLANG_WARN_INT_CONVERSION = YES;
				CLANG_WARN_OBJC_ROOT_CLASS = YES_ERROR;
				CLANG_WARN_SUSPICIOUS_MOVES = YES;
				CLANG_WARN_UNREACHABLE_CODE = YES;
				CLANG_WARN__DUPLICATE_METHOD_MATCH = YES;
				"CODE_SIGN_IDENTITY[sdk=iphoneos*]" = "iPhone Developer";
				COPY_PHASE_STRIP = NO;
				DEBUG_INFORMATION_FORMAT = "dwarf-with-dsym";
				ENABLE_NS_ASSERTIONS = NO;
				ENABLE_STRICT_OBJC_MSGSEND = YES;
				GCC_C_LANGUAGE_STANDARD = gnu99;
				GCC_NO_COMMON_BLOCKS = YES;
				GCC_WARN_64_TO_32_BIT_CONVERSION = YES;
				GCC_WARN_ABOUT_RETURN_TYPE = YES_ERROR;
				GCC_WARN_UNDECLARED_SELECTOR = YES;
				GCC_WARN_UNINITIALIZED_AUTOS = YES_AGGRESSIVE;
				GCC_WARN_UNUSED_FUNCTION = YES;
				GCC_WARN_UNUSED_VARIABLE = YES;
				IPHONEOS_DEPLOYMENT_TARGET = 10.0;
				MTL_ENABLE_DEBUG_INFO = NO;
				ONLY_ACTIVE_ARCH = YES;
				SDKROOT = iphoneos;
				SWIFT_OPTIMIZATION_LEVEL = "-Owholemodule";
				VALIDATE_PRODUCT = YES;
			};
			name = Release;
		};
		A40A6E781D9A08D900052BA2 /* Debug */ = {
			isa = XCBuildConfiguration;
			buildSettings = {
				ASSETCATALOG_COMPILER_APPICON_NAME = AppIcon;
				INFOPLIST_FILE = MagicExample/Info.plist;
				LD_RUNPATH_SEARCH_PATHS = "$(inherited) @executable_path/Frameworks";
				ONLY_ACTIVE_ARCH = YES;
				PRODUCT_BUNDLE_IDENTIFIER = com.broccoliii.MagicExample;
				PRODUCT_NAME = "$(TARGET_NAME)";
				SWIFT_VERSION = 3.0;
			};
			name = Debug;
		};
		A40A6E791D9A08D900052BA2 /* Release */ = {
			isa = XCBuildConfiguration;
			buildSettings = {
				ASSETCATALOG_COMPILER_APPICON_NAME = AppIcon;
				INFOPLIST_FILE = MagicExample/Info.plist;
				LD_RUNPATH_SEARCH_PATHS = "$(inherited) @executable_path/Frameworks";
				ONLY_ACTIVE_ARCH = YES;
				PRODUCT_BUNDLE_IDENTIFIER = com.broccoliii.MagicExample;
				PRODUCT_NAME = "$(TARGET_NAME)";
				SWIFT_VERSION = 3.0;
			};
			name = Release;
		};
/* End XCBuildConfiguration section */

/* Begin XCConfigurationList section */
		A40A6E601D9A08D900052BA2 /* Build configuration list for PBXProject "MagicExample" */ = {
			isa = XCConfigurationList;
			buildConfigurations = (
				A40A6E751D9A08D900052BA2 /* Debug */,
				A40A6E761D9A08D900052BA2 /* Release */,
			);
			defaultConfigurationIsVisible = 0;
			defaultConfigurationName = Release;
		};
		A40A6E771D9A08D900052BA2 /* Build configuration list for PBXNativeTarget "MagicExample" */ = {
			isa = XCConfigurationList;
			buildConfigurations = (
				A40A6E781D9A08D900052BA2 /* Debug */,
				A40A6E791D9A08D900052BA2 /* Release */,
			);
			defaultConfigurationIsVisible = 0;
			defaultConfigurationName = Release;
		};
/* End XCConfigurationList section */
	};
	rootObject = A40A6E5D1D9A08D900052BA2 /* Project object */;
}
